// !$*UTF8*$!
{
	archiveVersion = 1;
	classes = {
	};
	objectVersion = 46;
	objects = {

/* Begin PBXBuildFile section */
		011F54FB222F78AA00966918 /* M3U8KitDynamic.framework in Frameworks */ = {isa = PBXBuildFile; fileRef = 011F54E5222F771C00966918 /* M3U8KitDynamic.framework */; };
		9D1BF81C1906009800E38ABD /* Foundation.framework in Frameworks */ = {isa = PBXBuildFile; fileRef = 9D1BF81B1906009800E38ABD /* Foundation.framework */; };
		9D1BF81E1906009800E38ABD /* CoreGraphics.framework in Frameworks */ = {isa = PBXBuildFile; fileRef = 9D1BF81D1906009800E38ABD /* CoreGraphics.framework */; };
		9D1BF8201906009800E38ABD /* UIKit.framework in Frameworks */ = {isa = PBXBuildFile; fileRef = 9D1BF81F1906009800E38ABD /* UIKit.framework */; };
		9D1BF8261906009800E38ABD /* InfoPlist.strings in Resources */ = {isa = PBXBuildFile; fileRef = 9D1BF8241906009800E38ABD /* InfoPlist.strings */; };
		9D1BF8281906009800E38ABD /* main.m in Sources */ = {isa = PBXBuildFile; fileRef = 9D1BF8271906009800E38ABD /* main.m */; };
		9D1BF82C1906009800E38ABD /* ILSAppDelegate.m in Sources */ = {isa = PBXBuildFile; fileRef = 9D1BF82B1906009800E38ABD /* ILSAppDelegate.m */; };
		9D1BF82F1906009800E38ABD /* Main_iPhone.storyboard in Resources */ = {isa = PBXBuildFile; fileRef = 9D1BF82D1906009800E38ABD /* Main_iPhone.storyboard */; };
		9D1BF8321906009800E38ABD /* Main_iPad.storyboard in Resources */ = {isa = PBXBuildFile; fileRef = 9D1BF8301906009800E38ABD /* Main_iPad.storyboard */; };
		9D1BF8351906009800E38ABD /* ILSViewController.m in Sources */ = {isa = PBXBuildFile; fileRef = 9D1BF8341906009800E38ABD /* ILSViewController.m */; };
		9D1BF8371906009800E38ABD /* Images.xcassets in Resources */ = {isa = PBXBuildFile; fileRef = 9D1BF8361906009800E38ABD /* Images.xcassets */; };
		9D1BF8541906010B00E38ABD /* 769.m3u8 in Resources */ = {isa = PBXBuildFile; fileRef = 9D1BF8531906010B00E38ABD /* 769.m3u8 */; };
/* End PBXBuildFile section */

/* Begin PBXContainerItemProxy section */
		011F54E2222F771C00966918 /* PBXContainerItemProxy */ = {
			isa = PBXContainerItemProxy;
			containerPortal = 011F54DC222F771C00966918 /* M3U8Kit.xcodeproj */;
			proxyType = 2;
			remoteGlobalIDString = 9D05821A18E52DF500A12776;
			remoteInfo = M3U8Kit;
		};
		011F54E4222F771C00966918 /* PBXContainerItemProxy */ = {
			isa = PBXContainerItemProxy;
			containerPortal = 011F54DC222F771C00966918 /* M3U8Kit.xcodeproj */;
			proxyType = 2;
			remoteGlobalIDString = 9D79F1251EF77CE400D16AFD;
			remoteInfo = M3U8KitDynamic;
		};
		011F54E6222F771C00966918 /* PBXContainerItemProxy */ = {
			isa = PBXContainerItemProxy;
			containerPortal = 011F54DC222F771C00966918 /* M3U8Kit.xcodeproj */;
			proxyType = 2;
			remoteGlobalIDString = 01B38E2920EA2F8A00AC6443;
			remoteInfo = M3U8KitTests;
		};
/* End PBXContainerItemProxy section */

/* Begin PBXFileReference section */
		011F54DC222F771C00966918 /* M3U8Kit.xcodeproj */ = {isa = PBXFileReference; lastKnownFileType = "wrapper.pb-project"; name = M3U8Kit.xcodeproj; path = ../M3U8Kit.xcodeproj; sourceTree = "<group>"; };
		9D1BF8181906009800E38ABD /* M3U8KitDemo.app */ = {isa = PBXFileReference; explicitFileType = wrapper.application; includeInIndex = 0; path = M3U8KitDemo.app; sourceTree = BUILT_PRODUCTS_DIR; };
		9D1BF81B1906009800E38ABD /* Foundation.framework */ = {isa = PBXFileReference; lastKnownFileType = wrapper.framework; name = Foundation.framework; path = System/Library/Frameworks/Foundation.framework; sourceTree = SDKROOT; };
		9D1BF81D1906009800E38ABD /* CoreGraphics.framework */ = {isa = PBXFileReference; lastKnownFileType = wrapper.framework; name = CoreGraphics.framework; path = System/Library/Frameworks/CoreGraphics.framework; sourceTree = SDKROOT; };
		9D1BF81F1906009800E38ABD /* UIKit.framework */ = {isa = PBXFileReference; lastKnownFileType = wrapper.framework; name = UIKit.framework; path = System/Library/Frameworks/UIKit.framework; sourceTree = SDKROOT; };
		9D1BF8231906009800E38ABD /* M3U8KitDemo-Info.plist */ = {isa = PBXFileReference; lastKnownFileType = text.plist.xml; path = "M3U8KitDemo-Info.plist"; sourceTree = "<group>"; };
		9D1BF8251906009800E38ABD /* en */ = {isa = PBXFileReference; lastKnownFileType = text.plist.strings; name = en; path = en.lproj/InfoPlist.strings; sourceTree = "<group>"; };
		9D1BF8271906009800E38ABD /* main.m */ = {isa = PBXFileReference; lastKnownFileType = sourcecode.c.objc; path = main.m; sourceTree = "<group>"; };
		9D1BF8291906009800E38ABD /* M3U8KitDemo-Prefix.pch */ = {isa = PBXFileReference; lastKnownFileType = sourcecode.c.h; path = "M3U8KitDemo-Prefix.pch"; sourceTree = "<group>"; };
		9D1BF82A1906009800E38ABD /* ILSAppDelegate.h */ = {isa = PBXFileReference; lastKnownFileType = sourcecode.c.h; path = ILSAppDelegate.h; sourceTree = "<group>"; };
		9D1BF82B1906009800E38ABD /* ILSAppDelegate.m */ = {isa = PBXFileReference; lastKnownFileType = sourcecode.c.objc; path = ILSAppDelegate.m; sourceTree = "<group>"; };
		9D1BF82E1906009800E38ABD /* Base */ = {isa = PBXFileReference; lastKnownFileType = file.storyboard; name = Base; path = Base.lproj/Main_iPhone.storyboard; sourceTree = "<group>"; };
		9D1BF8311906009800E38ABD /* Base */ = {isa = PBXFileReference; lastKnownFileType = file.storyboard; name = Base; path = Base.lproj/Main_iPad.storyboard; sourceTree = "<group>"; };
		9D1BF8331906009800E38ABD /* ILSViewController.h */ = {isa = PBXFileReference; lastKnownFileType = sourcecode.c.h; path = ILSViewController.h; sourceTree = "<group>"; };
		9D1BF8341906009800E38ABD /* ILSViewController.m */ = {isa = PBXFileReference; lastKnownFileType = sourcecode.c.objc; path = ILSViewController.m; sourceTree = "<group>"; };
		9D1BF8361906009800E38ABD /* Images.xcassets */ = {isa = PBXFileReference; lastKnownFileType = folder.assetcatalog; path = Images.xcassets; sourceTree = "<group>"; };
		9D1BF8531906010B00E38ABD /* 769.m3u8 */ = {isa = PBXFileReference; fileEncoding = 4; lastKnownFileType = text; path = 769.m3u8; sourceTree = "<group>"; };
/* End PBXFileReference section */

/* Begin PBXFrameworksBuildPhase section */
		9D1BF8151906009800E38ABD /* Frameworks */ = {
			isa = PBXFrameworksBuildPhase;
			buildActionMask = 2147483647;
			files = (
				011F54FB222F78AA00966918 /* M3U8KitDynamic.framework in Frameworks */,
				9D1BF81E1906009800E38ABD /* CoreGraphics.framework in Frameworks */,
				9D1BF8201906009800E38ABD /* UIKit.framework in Frameworks */,
				9D1BF81C1906009800E38ABD /* Foundation.framework in Frameworks */,
			);
			runOnlyForDeploymentPostprocessing = 0;
		};
/* End PBXFrameworksBuildPhase section */

/* Begin PBXGroup section */
		011F54DD222F771C00966918 /* Products */ = {
			isa = PBXGroup;
			children = (
				011F54E3222F771C00966918 /* M3U8Kit.framework */,
				011F54E5222F771C00966918 /* M3U8KitDynamic.framework */,
				011F54E7222F771C00966918 /* M3U8KitTests.xctest */,
			);
			name = Products;
			sourceTree = "<group>";
		};
		9D1BF80F1906009800E38ABD = {
			isa = PBXGroup;
			children = (
				011F54DC222F771C00966918 /* M3U8Kit.xcodeproj */,
				9D1BF8211906009800E38ABD /* M3U8KitDemo */,
				9D1BF81A1906009800E38ABD /* Frameworks */,
				9D1BF8191906009800E38ABD /* Products */,
			);
			sourceTree = "<group>";
		};
		9D1BF8191906009800E38ABD /* Products */ = {
			isa = PBXGroup;
			children = (
				9D1BF8181906009800E38ABD /* M3U8KitDemo.app */,
			);
			name = Products;
			sourceTree = "<group>";
		};
		9D1BF81A1906009800E38ABD /* Frameworks */ = {
			isa = PBXGroup;
			children = (
				9D1BF81B1906009800E38ABD /* Foundation.framework */,
				9D1BF81D1906009800E38ABD /* CoreGraphics.framework */,
				9D1BF81F1906009800E38ABD /* UIKit.framework */,
			);
			name = Frameworks;
			sourceTree = "<group>";
		};
		9D1BF8211906009800E38ABD /* M3U8KitDemo */ = {
			isa = PBXGroup;
			children = (
				9D1BF82A1906009800E38ABD /* ILSAppDelegate.h */,
				9D1BF82B1906009800E38ABD /* ILSAppDelegate.m */,
				9D1BF82D1906009800E38ABD /* Main_iPhone.storyboard */,
				9D1BF8301906009800E38ABD /* Main_iPad.storyboard */,
				9D1BF8331906009800E38ABD /* ILSViewController.h */,
				9D1BF8341906009800E38ABD /* ILSViewController.m */,
				9D1BF8531906010B00E38ABD /* 769.m3u8 */,
				9D1BF8361906009800E38ABD /* Images.xcassets */,
				9D1BF8221906009800E38ABD /* Supporting Files */,
			);
			path = M3U8KitDemo;
			sourceTree = "<group>";
		};
		9D1BF8221906009800E38ABD /* Supporting Files */ = {
			isa = PBXGroup;
			children = (
				9D1BF8231906009800E38ABD /* M3U8KitDemo-Info.plist */,
				9D1BF8241906009800E38ABD /* InfoPlist.strings */,
				9D1BF8271906009800E38ABD /* main.m */,
				9D1BF8291906009800E38ABD /* M3U8KitDemo-Prefix.pch */,
			);
			name = "Supporting Files";
			sourceTree = "<group>";
		};
/* End PBXGroup section */

/* Begin PBXNativeTarget section */
		9D1BF8171906009800E38ABD /* M3U8KitDemo */ = {
			isa = PBXNativeTarget;
			buildConfigurationList = 9D1BF84D1906009800E38ABD /* Build configuration list for PBXNativeTarget "M3U8KitDemo" */;
			buildPhases = (
				9D1BF8141906009800E38ABD /* Sources */,
				9D1BF8151906009800E38ABD /* Frameworks */,
				9D1BF8161906009800E38ABD /* Resources */,
			);
			buildRules = (
			);
			dependencies = (
			);
			name = M3U8KitDemo;
			productName = M3U8KitDemo;
			productReference = 9D1BF8181906009800E38ABD /* M3U8KitDemo.app */;
			productType = "com.apple.product-type.application";
		};
/* End PBXNativeTarget section */

/* Begin PBXProject section */
		9D1BF8101906009800E38ABD /* Project object */ = {
			isa = PBXProject;
			attributes = {
				CLASSPREFIX = ILS;
				LastUpgradeCheck = 1010;
				ORGANIZATIONNAME = iLegendsoft;
				TargetAttributes = {
					9D1BF8171906009800E38ABD = {
						ProvisioningStyle = Automatic;
					};
				};
			};
			buildConfigurationList = 9D1BF8131906009800E38ABD /* Build configuration list for PBXProject "M3U8KitDemo" */;
			compatibilityVersion = "Xcode 3.2";
			developmentRegion = English;
			hasScannedForEncodings = 0;
			knownRegions = (
				en,
				Base,
			);
			mainGroup = 9D1BF80F1906009800E38ABD;
			productRefGroup = 9D1BF8191906009800E38ABD /* Products */;
			projectDirPath = "";
			projectReferences = (
				{
					ProductGroup = 011F54DD222F771C00966918 /* Products */;
					ProjectRef = 011F54DC222F771C00966918 /* M3U8Kit.xcodeproj */;
				},
			);
			projectRoot = "";
			targets = (
				9D1BF8171906009800E38ABD /* M3U8KitDemo */,
			);
		};
/* End PBXProject section */

/* Begin PBXReferenceProxy section */
		011F54E3222F771C00966918 /* M3U8Kit.framework */ = {
			isa = PBXReferenceProxy;
			fileType = wrapper.framework.static;
			path = M3U8Kit.framework;
			remoteRef = 011F54E2222F771C00966918 /* PBXContainerItemProxy */;
			sourceTree = BUILT_PRODUCTS_DIR;
		};
		011F54E5222F771C00966918 /* M3U8KitDynamic.framework */ = {
			isa = PBXReferenceProxy;
			fileType = wrapper.framework;
			path = M3U8KitDynamic.framework;
			remoteRef = 011F54E4222F771C00966918 /* PBXContainerItemProxy */;
			sourceTree = BUILT_PRODUCTS_DIR;
		};
		011F54E7222F771C00966918 /* M3U8KitTests.xctest */ = {
			isa = PBXReferenceProxy;
			fileType = wrapper.cfbundle;
			path = M3U8KitTests.xctest;
			remoteRef = 011F54E6222F771C00966918 /* PBXContainerItemProxy */;
			sourceTree = BUILT_PRODUCTS_DIR;
		};
/* End PBXReferenceProxy section */

/* Begin PBXResourcesBuildPhase section */
		9D1BF8161906009800E38ABD /* Resources */ = {
			isa = PBXResourcesBuildPhase;
			buildActionMask = 2147483647;
			files = (
				9D1BF8321906009800E38ABD /* Main_iPad.storyboard in Resources */,
				9D1BF8541906010B00E38ABD /* 769.m3u8 in Resources */,
				9D1BF8371906009800E38ABD /* Images.xcassets in Resources */,
				9D1BF82F1906009800E38ABD /* Main_iPhone.storyboard in Resources */,
				9D1BF8261906009800E38ABD /* InfoPlist.strings in Resources */,
			);
			runOnlyForDeploymentPostprocessing = 0;
		};
/* End PBXResourcesBuildPhase section */

/* Begin PBXSourcesBuildPhase section */
		9D1BF8141906009800E38ABD /* Sources */ = {
			isa = PBXSourcesBuildPhase;
			buildActionMask = 2147483647;
			files = (
				9D1BF8281906009800E38ABD /* main.m in Sources */,
				9D1BF82C1906009800E38ABD /* ILSAppDelegate.m in Sources */,
				9D1BF8351906009800E38ABD /* ILSViewController.m in Sources */,
			);
			runOnlyForDeploymentPostprocessing = 0;
		};
/* End PBXSourcesBuildPhase section */

/* Begin PBXVariantGroup section */
		9D1BF8241906009800E38ABD /* InfoPlist.strings */ = {
			isa = PBXVariantGroup;
			children = (
				9D1BF8251906009800E38ABD /* en */,
			);
			name = InfoPlist.strings;
			sourceTree = "<group>";
		};
		9D1BF82D1906009800E38ABD /* Main_iPhone.storyboard */ = {
			isa = PBXVariantGroup;
			children = (
				9D1BF82E1906009800E38ABD /* Base */,
			);
			name = Main_iPhone.storyboard;
			sourceTree = "<group>";
		};
		9D1BF8301906009800E38ABD /* Main_iPad.storyboard */ = {
			isa = PBXVariantGroup;
			children = (
				9D1BF8311906009800E38ABD /* Base */,
			);
			name = Main_iPad.storyboard;
			sourceTree = "<group>";
		};
/* End PBXVariantGroup section */

/* Begin XCBuildConfiguration section */
		9D1BF84B1906009800E38ABD /* Debug */ = {
			isa = XCBuildConfiguration;
			buildSettings = {
				ALWAYS_SEARCH_USER_PATHS = NO;
				CLANG_CXX_LANGUAGE_STANDARD = "gnu++0x";
				CLANG_CXX_LIBRARY = "libc++";
				CLANG_ENABLE_MODULES = YES;
				CLANG_ENABLE_OBJC_ARC = YES;
				CLANG_WARN_BLOCK_CAPTURE_AUTORELEASING = YES;
				CLANG_WARN_BOOL_CONVERSION = YES;
				CLANG_WARN_COMMA = YES;
				CLANG_WARN_CONSTANT_CONVERSION = YES;
				CLANG_WARN_DEPRECATED_OBJC_IMPLEMENTATIONS = YES;
				CLANG_WARN_DIRECT_OBJC_ISA_USAGE = YES_ERROR;
				CLANG_WARN_EMPTY_BODY = YES;
				CLANG_WARN_ENUM_CONVERSION = YES;
				CLANG_WARN_INFINITE_RECURSION = YES;
				CLANG_WARN_INT_CONVERSION = YES;
				CLANG_WARN_NON_LITERAL_NULL_CONVERSION = YES;
				CLANG_WARN_OBJC_IMPLICIT_RETAIN_SELF = YES;
				CLANG_WARN_OBJC_LITERAL_CONVERSION = YES;
				CLANG_WARN_OBJC_ROOT_CLASS = YES_ERROR;
				CLANG_WARN_RANGE_LOOP_ANALYSIS = YES;
				CLANG_WARN_STRICT_PROTOTYPES = YES;
				CLANG_WARN_SUSPICIOUS_MOVE = YES;
				CLANG_WARN_UNREACHABLE_CODE = YES;
				CLANG_WARN__DUPLICATE_METHOD_MATCH = YES;
				"CODE_SIGN_IDENTITY[sdk=iphoneos*]" = "iPhone Developer";
				COPY_PHASE_STRIP = NO;
				ENABLE_STRICT_OBJC_MSGSEND = YES;
				ENABLE_TESTABILITY = YES;
				GCC_C_LANGUAGE_STANDARD = gnu99;
				GCC_DYNAMIC_NO_PIC = NO;
				GCC_NO_COMMON_BLOCKS = YES;
				GCC_OPTIMIZATION_LEVEL = 0;
				GCC_PREPROCESSOR_DEFINITIONS = (
					"DEBUG=1",
					"$(inherited)",
				);
				GCC_SYMBOLS_PRIVATE_EXTERN = NO;
				GCC_WARN_64_TO_32_BIT_CONVERSION = YES;
				GCC_WARN_ABOUT_RETURN_TYPE = YES_ERROR;
				GCC_WARN_UNDECLARED_SELECTOR = YES;
				GCC_WARN_UNINITIALIZED_AUTOS = YES_AGGRESSIVE;
				GCC_WARN_UNUSED_FUNCTION = YES;
				GCC_WARN_UNUSED_VARIABLE = YES;
				ONLY_ACTIVE_ARCH = YES;
				SDKROOT = iphoneos;
				TARGETED_DEVICE_FAMILY = "1,2";
			};
			name = Debug;
		};
		9D1BF84C1906009800E38ABD /* Release */ = {
			isa = XCBuildConfiguration;
			buildSettings = {
				ALWAYS_SEARCH_USER_PATHS = NO;
				CLANG_CXX_LANGUAGE_STANDARD = "gnu++0x";
				CLANG_CXX_LIBRARY = "libc++";
				CLANG_ENABLE_MODULES = YES;
				CLANG_ENABLE_OBJC_ARC = YES;
				CLANG_WARN_BLOCK_CAPTURE_AUTORELEASING = YES;
				CLANG_WARN_BOOL_CONVERSION = YES;
				CLANG_WARN_COMMA = YES;
				CLANG_WARN_CONSTANT_CONVERSION = YES;
				CLANG_WARN_DEPRECATED_OBJC_IMPLEMENTATIONS = YES;
				CLANG_WARN_DIRECT_OBJC_ISA_USAGE = YES_ERROR;
				CLANG_WARN_EMPTY_BODY = YES;
				CLANG_WARN_ENUM_CONVERSION = YES;
				CLANG_WARN_INFINITE_RECURSION = YES;
				CLANG_WARN_INT_CONVERSION = YES;
				CLANG_WARN_NON_LITERAL_NULL_CONVERSION = YES;
				CLANG_WARN_OBJC_IMPLICIT_RETAIN_SELF = YES;
				CLANG_WARN_OBJC_LITERAL_CONVERSION = YES;
				CLANG_WARN_OBJC_ROOT_CLASS = YES_ERROR;
				CLANG_WARN_RANGE_LOOP_ANALYSIS = YES;
				CLANG_WARN_STRICT_PROTOTYPES = YES;
				CLANG_WARN_SUSPICIOUS_MOVE = YES;
				CLANG_WARN_UNREACHABLE_CODE = YES;
				CLANG_WARN__DUPLICATE_METHOD_MATCH = YES;
				"CODE_SIGN_IDENTITY[sdk=iphoneos*]" = "iPhone Developer";
				COPY_PHASE_STRIP = YES;
				ENABLE_NS_ASSERTIONS = NO;
				ENABLE_STRICT_OBJC_MSGSEND = YES;
				GCC_C_LANGUAGE_STANDARD = gnu99;
				GCC_NO_COMMON_BLOCKS = YES;
				GCC_WARN_64_TO_32_BIT_CONVERSION = YES;
				GCC_WARN_ABOUT_RETURN_TYPE = YES_ERROR;
				GCC_WARN_UNDECLARED_SELECTOR = YES;
				GCC_WARN_UNINITIALIZED_AUTOS = YES_AGGRESSIVE;
				GCC_WARN_UNUSED_FUNCTION = YES;
				GCC_WARN_UNUSED_VARIABLE = YES;
				SDKROOT = iphoneos;
				TARGETED_DEVICE_FAMILY = "1,2";
				VALIDATE_PRODUCT = YES;
			};
			name = Release;
		};
		9D1BF84E1906009800E38ABD /* Debug */ = {
			isa = XCBuildConfiguration;
			buildSettings = {
				ASSETCATALOG_COMPILER_APPICON_NAME = AppIcon;
				ASSETCATALOG_COMPILER_LAUNCHIMAGE_NAME = LaunchImage;
				CODE_SIGN_IDENTITY = "iPhone Developer";
				CODE_SIGN_STYLE = Automatic;
				DEVELOPMENT_TEAM = "";
				GCC_PRECOMPILE_PREFIX_HEADER = YES;
				GCC_PREFIX_HEADER = "M3U8KitDemo/M3U8KitDemo-Prefix.pch";
				HEADER_SEARCH_PATHS = "";
				INFOPLIST_FILE = "M3U8KitDemo/M3U8KitDemo-Info.plist";
				LD_RUNPATH_SEARCH_PATHS = "$(inherited) @executable_path/Frameworks";
				PRODUCT_BUNDLE_IDENTIFIER = com.M3U8Kit.M3U8KitDemo;
				PRODUCT_NAME = "$(TARGET_NAME)";
				PROVISIONING_PROFILE_SPECIFIER = "";
				WRAPPER_EXTENSION = app;
			};
			name = Debug;
		};
		9D1BF84F1906009800E38ABD /* Release */ = {
			isa = XCBuildConfiguration;
			buildSettings = {
				ASSETCATALOG_COMPILER_APPICON_NAME = AppIcon;
				ASSETCATALOG_COMPILER_LAUNCHIMAGE_NAME = LaunchImage;
				CODE_SIGN_IDENTITY = "iPhone Developer";
				CODE_SIGN_STYLE = Automatic;
				DEVELOPMENT_TEAM = "";
				GCC_PRECOMPILE_PREFIX_HEADER = YES;
				GCC_PREFIX_HEADER = "M3U8KitDemo/M3U8KitDemo-Prefix.pch";
				HEADER_SEARCH_PATHS = "";
				INFOPLIST_FILE = "M3U8KitDemo/M3U8KitDemo-Info.plist";
				LD_RUNPATH_SEARCH_PATHS = "$(inherited) @executable_path/Frameworks";
				PRODUCT_BUNDLE_IDENTIFIER = com.M3U8Kit.M3U8KitDemo;
				PRODUCT_NAME = "$(TARGET_NAME)";
				PROVISIONING_PROFILE_SPECIFIER = "";
				WRAPPER_EXTENSION = app;
			};
			name = Release;
		};
/* End XCBuildConfiguration section */

/* Begin XCConfigurationList section */
		9D1BF8131906009800E38ABD /* Build configuration list for PBXProject "M3U8KitDemo" */ = {
			isa = XCConfigurationList;
			buildConfigurations = (
				9D1BF84B1906009800E38ABD /* Debug */,
				9D1BF84C1906009800E38ABD /* Release */,
			);
			defaultConfigurationIsVisible = 0;
			defaultConfigurationName = Release;
		};
		9D1BF84D1906009800E38ABD /* Build configuration list for PBXNativeTarget "M3U8KitDemo" */ = {
			isa = XCConfigurationList;
			buildConfigurations = (
				9D1BF84E1906009800E38ABD /* Debug */,
				9D1BF84F1906009800E38ABD /* Release */,
			);
			defaultConfigurationIsVisible = 0;
			defaultConfigurationName = Release;
		};
/* End XCConfigurationList section */
	};
	rootObject = 9D1BF8101906009800E38ABD /* Project object */;
}
