// !$*UTF8*$!
{
	archiveVersion = 1;
	classes = {
	};
	objectVersion = 46;
	objects = {

/* Begin PBXBuildFile section */
		016135281EF3BBB1007CD332 /* InfoPlist.strings in Resources */ = {isa = PBXBuildFile; fileRef = 0161350E1EF3BBB1007CD332 /* InfoPlist.strings */; };
		016135291EF3BBB1007CD332 /* M3U8ExtXMedia.m in Sources */ = {isa = PBXBuildFile; fileRef = 016135111EF3BBB1007CD332 /* M3U8ExtXMedia.m */; };
		0161352A1EF3BBB1007CD332 /* M3U8ExtXMediaList.m in Sources */ = {isa = PBXBuildFile; fileRef = 016135131EF3BBB1007CD332 /* M3U8ExtXMediaList.m */; };
		0161352B1EF3BBB1007CD332 /* M3U8ExtXStreamInf.m in Sources */ = {isa = PBXBuildFile; fileRef = 016135151EF3BBB1007CD332 /* M3U8ExtXStreamInf.m */; };
		0161352C1EF3BBB1007CD332 /* M3U8ExtXStreamInfList.m in Sources */ = {isa = PBXBuildFile; fileRef = 016135171EF3BBB1007CD332 /* M3U8ExtXStreamInfList.m */; };
		0161352D1EF3BBB1007CD332 /* M3U8Kit-Info.plist in Resources */ = {isa = PBXBuildFile; fileRef = 016135181EF3BBB1007CD332 /* M3U8Kit-Info.plist */; };
		0161352E1EF3BBB1007CD332 /* M3U8MasterPlaylist.m in Sources */ = {isa = PBXBuildFile; fileRef = 0161351C1EF3BBB1007CD332 /* M3U8MasterPlaylist.m */; };
		0161352F1EF3BBB1007CD332 /* M3U8MediaPlaylist.m in Sources */ = {isa = PBXBuildFile; fileRef = 0161351E1EF3BBB1007CD332 /* M3U8MediaPlaylist.m */; };
		016135301EF3BBB1007CD332 /* M3U8PlaylistModel.m in Sources */ = {isa = PBXBuildFile; fileRef = 016135201EF3BBB1007CD332 /* M3U8PlaylistModel.m */; };
		016135311EF3BBB1007CD332 /* M3U8SegmentInfo.m in Sources */ = {isa = PBXBuildFile; fileRef = 016135221EF3BBB1007CD332 /* M3U8SegmentInfo.m */; };
		016135321EF3BBB1007CD332 /* M3U8SegmentInfoList.m in Sources */ = {isa = PBXBuildFile; fileRef = 016135241EF3BBB1007CD332 /* M3U8SegmentInfoList.m */; };
		016135331EF3BBB1007CD332 /* NSString+m3u8.m in Sources */ = {isa = PBXBuildFile; fileRef = 016135271EF3BBB1007CD332 /* NSString+m3u8.m */; };
		9D1BF81C1906009800E38ABD /* Foundation.framework in Frameworks */ = {isa = PBXBuildFile; fileRef = 9D1BF81B1906009800E38ABD /* Foundation.framework */; };
		9D1BF81E1906009800E38ABD /* CoreGraphics.framework in Frameworks */ = {isa = PBXBuildFile; fileRef = 9D1BF81D1906009800E38ABD /* CoreGraphics.framework */; };
		9D1BF8201906009800E38ABD /* UIKit.framework in Frameworks */ = {isa = PBXBuildFile; fileRef = 9D1BF81F1906009800E38ABD /* UIKit.framework */; };
		9D1BF8261906009800E38ABD /* InfoPlist.strings in Resources */ = {isa = PBXBuildFile; fileRef = 9D1BF8241906009800E38ABD /* InfoPlist.strings */; };
		9D1BF8281906009800E38ABD /* main.m in Sources */ = {isa = PBXBuildFile; fileRef = 9D1BF8271906009800E38ABD /* main.m */; };
		9D1BF82C1906009800E38ABD /* ILSAppDelegate.m in Sources */ = {isa = PBXBuildFile; fileRef = 9D1BF82B1906009800E38ABD /* ILSAppDelegate.m */; };
		9D1BF82F1906009800E38ABD /* Main_iPhone.storyboard in Resources */ = {isa = PBXBuildFile; fileRef = 9D1BF82D1906009800E38ABD /* Main_iPhone.storyboard */; };
		9D1BF8321906009800E38ABD /* Main_iPad.storyboard in Resources */ = {isa = PBXBuildFile; fileRef = 9D1BF8301906009800E38ABD /* Main_iPad.storyboard */; };
		9D1BF8351906009800E38ABD /* ILSViewController.m in Sources */ = {isa = PBXBuildFile; fileRef = 9D1BF8341906009800E38ABD /* ILSViewController.m */; };
		9D1BF8371906009800E38ABD /* Images.xcassets in Resources */ = {isa = PBXBuildFile; fileRef = 9D1BF8361906009800E38ABD /* Images.xcassets */; };
		9D1BF83E1906009800E38ABD /* XCTest.framework in Frameworks */ = {isa = PBXBuildFile; fileRef = 9D1BF83D1906009800E38ABD /* XCTest.framework */; };
		9D1BF83F1906009800E38ABD /* Foundation.framework in Frameworks */ = {isa = PBXBuildFile; fileRef = 9D1BF81B1906009800E38ABD /* Foundation.framework */; };
		9D1BF8401906009800E38ABD /* UIKit.framework in Frameworks */ = {isa = PBXBuildFile; fileRef = 9D1BF81F1906009800E38ABD /* UIKit.framework */; };
		9D1BF8481906009800E38ABD /* InfoPlist.strings in Resources */ = {isa = PBXBuildFile; fileRef = 9D1BF8461906009800E38ABD /* InfoPlist.strings */; };
		9D1BF84A1906009800E38ABD /* M3U8KitDemoTests.m in Sources */ = {isa = PBXBuildFile; fileRef = 9D1BF8491906009800E38ABD /* M3U8KitDemoTests.m */; };
		9D1BF8541906010B00E38ABD /* 769.m3u8 in Resources */ = {isa = PBXBuildFile; fileRef = 9D1BF8531906010B00E38ABD /* 769.m3u8 */; };
/* End PBXBuildFile section */

/* Begin PBXContainerItemProxy section */
		9D1BF8411906009800E38ABD /* PBXContainerItemProxy */ = {
			isa = PBXContainerItemProxy;
			containerPortal = 9D1BF8101906009800E38ABD /* Project object */;
			proxyType = 1;
			remoteGlobalIDString = 9D1BF8171906009800E38ABD;
			remoteInfo = M3U8KitDemo;
		};
/* End PBXContainerItemProxy section */

/* Begin PBXFileReference section */
		0161350F1EF3BBB1007CD332 /* en */ = {isa = PBXFileReference; lastKnownFileType = text.plist.strings; name = en; path = en.lproj/InfoPlist.strings; sourceTree = "<group>"; };
		016135101EF3BBB1007CD332 /* M3U8ExtXMedia.h */ = {isa = PBXFileReference; fileEncoding = 4; lastKnownFileType = sourcecode.c.h; path = M3U8ExtXMedia.h; sourceTree = "<group>"; };
		016135111EF3BBB1007CD332 /* M3U8ExtXMedia.m */ = {isa = PBXFileReference; fileEncoding = 4; lastKnownFileType = sourcecode.c.objc; path = M3U8ExtXMedia.m; sourceTree = "<group>"; };
		016135121EF3BBB1007CD332 /* M3U8ExtXMediaList.h */ = {isa = PBXFileReference; fileEncoding = 4; lastKnownFileType = sourcecode.c.h; path = M3U8ExtXMediaList.h; sourceTree = "<group>"; };
		016135131EF3BBB1007CD332 /* M3U8ExtXMediaList.m */ = {isa = PBXFileReference; fileEncoding = 4; lastKnownFileType = sourcecode.c.objc; path = M3U8ExtXMediaList.m; sourceTree = "<group>"; };
		016135141EF3BBB1007CD332 /* M3U8ExtXStreamInf.h */ = {isa = PBXFileReference; fileEncoding = 4; lastKnownFileType = sourcecode.c.h; path = M3U8ExtXStreamInf.h; sourceTree = "<group>"; };
		016135151EF3BBB1007CD332 /* M3U8ExtXStreamInf.m */ = {isa = PBXFileReference; fileEncoding = 4; lastKnownFileType = sourcecode.c.objc; path = M3U8ExtXStreamInf.m; sourceTree = "<group>"; };
		016135161EF3BBB1007CD332 /* M3U8ExtXStreamInfList.h */ = {isa = PBXFileReference; fileEncoding = 4; lastKnownFileType = sourcecode.c.h; path = M3U8ExtXStreamInfList.h; sourceTree = "<group>"; };
		016135171EF3BBB1007CD332 /* M3U8ExtXStreamInfList.m */ = {isa = PBXFileReference; fileEncoding = 4; lastKnownFileType = sourcecode.c.objc; path = M3U8ExtXStreamInfList.m; sourceTree = "<group>"; };
		016135181EF3BBB1007CD332 /* M3U8Kit-Info.plist */ = {isa = PBXFileReference; fileEncoding = 4; lastKnownFileType = text.plist.xml; path = "M3U8Kit-Info.plist"; sourceTree = "<group>"; };
		016135191EF3BBB1007CD332 /* M3U8Kit-Prefix.pch */ = {isa = PBXFileReference; fileEncoding = 4; lastKnownFileType = sourcecode.c.h; path = "M3U8Kit-Prefix.pch"; sourceTree = "<group>"; };
		0161351A1EF3BBB1007CD332 /* M3U8Kit.h */ = {isa = PBXFileReference; fileEncoding = 4; lastKnownFileType = sourcecode.c.h; path = M3U8Kit.h; sourceTree = "<group>"; };
		0161351B1EF3BBB1007CD332 /* M3U8MasterPlaylist.h */ = {isa = PBXFileReference; fileEncoding = 4; lastKnownFileType = sourcecode.c.h; path = M3U8MasterPlaylist.h; sourceTree = "<group>"; };
		0161351C1EF3BBB1007CD332 /* M3U8MasterPlaylist.m */ = {isa = PBXFileReference; fileEncoding = 4; lastKnownFileType = sourcecode.c.objc; path = M3U8MasterPlaylist.m; sourceTree = "<group>"; };
		0161351D1EF3BBB1007CD332 /* M3U8MediaPlaylist.h */ = {isa = PBXFileReference; fileEncoding = 4; lastKnownFileType = sourcecode.c.h; path = M3U8MediaPlaylist.h; sourceTree = "<group>"; };
		0161351E1EF3BBB1007CD332 /* M3U8MediaPlaylist.m */ = {isa = PBXFileReference; fileEncoding = 4; lastKnownFileType = sourcecode.c.objc; path = M3U8MediaPlaylist.m; sourceTree = "<group>"; };
		0161351F1EF3BBB1007CD332 /* M3U8PlaylistModel.h */ = {isa = PBXFileReference; fileEncoding = 4; lastKnownFileType = sourcecode.c.h; path = M3U8PlaylistModel.h; sourceTree = "<group>"; };
		016135201EF3BBB1007CD332 /* M3U8PlaylistModel.m */ = {isa = PBXFileReference; fileEncoding = 4; lastKnownFileType = sourcecode.c.objc; path = M3U8PlaylistModel.m; sourceTree = "<group>"; };
		016135211EF3BBB1007CD332 /* M3U8SegmentInfo.h */ = {isa = PBXFileReference; fileEncoding = 4; lastKnownFileType = sourcecode.c.h; path = M3U8SegmentInfo.h; sourceTree = "<group>"; };
		016135221EF3BBB1007CD332 /* M3U8SegmentInfo.m */ = {isa = PBXFileReference; fileEncoding = 4; lastKnownFileType = sourcecode.c.objc; path = M3U8SegmentInfo.m; sourceTree = "<group>"; };
		016135231EF3BBB1007CD332 /* M3U8SegmentInfoList.h */ = {isa = PBXFileReference; fileEncoding = 4; lastKnownFileType = sourcecode.c.h; path = M3U8SegmentInfoList.h; sourceTree = "<group>"; };
		016135241EF3BBB1007CD332 /* M3U8SegmentInfoList.m */ = {isa = PBXFileReference; fileEncoding = 4; lastKnownFileType = sourcecode.c.objc; path = M3U8SegmentInfoList.m; sourceTree = "<group>"; };
		016135251EF3BBB1007CD332 /* M3U8TagsAndAttributes.h */ = {isa = PBXFileReference; fileEncoding = 4; lastKnownFileType = sourcecode.c.h; path = M3U8TagsAndAttributes.h; sourceTree = "<group>"; };
		016135261EF3BBB1007CD332 /* NSString+m3u8.h */ = {isa = PBXFileReference; fileEncoding = 4; lastKnownFileType = sourcecode.c.h; path = "NSString+m3u8.h"; sourceTree = "<group>"; };
		016135271EF3BBB1007CD332 /* NSString+m3u8.m */ = {isa = PBXFileReference; fileEncoding = 4; lastKnownFileType = sourcecode.c.objc; path = "NSString+m3u8.m"; sourceTree = "<group>"; };
		9D1BF8181906009800E38ABD /* M3U8KitDemo.app */ = {isa = PBXFileReference; explicitFileType = wrapper.application; includeInIndex = 0; path = M3U8KitDemo.app; sourceTree = BUILT_PRODUCTS_DIR; };
		9D1BF81B1906009800E38ABD /* Foundation.framework */ = {isa = PBXFileReference; lastKnownFileType = wrapper.framework; name = Foundation.framework; path = System/Library/Frameworks/Foundation.framework; sourceTree = SDKROOT; };
		9D1BF81D1906009800E38ABD /* CoreGraphics.framework */ = {isa = PBXFileReference; lastKnownFileType = wrapper.framework; name = CoreGraphics.framework; path = System/Library/Frameworks/CoreGraphics.framework; sourceTree = SDKROOT; };
		9D1BF81F1906009800E38ABD /* UIKit.framework */ = {isa = PBXFileReference; lastKnownFileType = wrapper.framework; name = UIKit.framework; path = System/Library/Frameworks/UIKit.framework; sourceTree = SDKROOT; };
		9D1BF8231906009800E38ABD /* M3U8KitDemo-Info.plist */ = {isa = PBXFileReference; lastKnownFileType = text.plist.xml; path = "M3U8KitDemo-Info.plist"; sourceTree = "<group>"; };
		9D1BF8251906009800E38ABD /* en */ = {isa = PBXFileReference; lastKnownFileType = text.plist.strings; name = en; path = en.lproj/InfoPlist.strings; sourceTree = "<group>"; };
		9D1BF8271906009800E38ABD /* main.m */ = {isa = PBXFileReference; lastKnownFileType = sourcecode.c.objc; path = main.m; sourceTree = "<group>"; };
		9D1BF8291906009800E38ABD /* M3U8KitDemo-Prefix.pch */ = {isa = PBXFileReference; lastKnownFileType = sourcecode.c.h; path = "M3U8KitDemo-Prefix.pch"; sourceTree = "<group>"; };
		9D1BF82A1906009800E38ABD /* ILSAppDelegate.h */ = {isa = PBXFileReference; lastKnownFileType = sourcecode.c.h; path = ILSAppDelegate.h; sourceTree = "<group>"; };
		9D1BF82B1906009800E38ABD /* ILSAppDelegate.m */ = {isa = PBXFileReference; lastKnownFileType = sourcecode.c.objc; path = ILSAppDelegate.m; sourceTree = "<group>"; };
		9D1BF82E1906009800E38ABD /* Base */ = {isa = PBXFileReference; lastKnownFileType = file.storyboard; name = Base; path = Base.lproj/Main_iPhone.storyboard; sourceTree = "<group>"; };
		9D1BF8311906009800E38ABD /* Base */ = {isa = PBXFileReference; lastKnownFileType = file.storyboard; name = Base; path = Base.lproj/Main_iPad.storyboard; sourceTree = "<group>"; };
		9D1BF8331906009800E38ABD /* ILSViewController.h */ = {isa = PBXFileReference; lastKnownFileType = sourcecode.c.h; path = ILSViewController.h; sourceTree = "<group>"; };
		9D1BF8341906009800E38ABD /* ILSViewController.m */ = {isa = PBXFileReference; lastKnownFileType = sourcecode.c.objc; path = ILSViewController.m; sourceTree = "<group>"; };
		9D1BF8361906009800E38ABD /* Images.xcassets */ = {isa = PBXFileReference; lastKnownFileType = folder.assetcatalog; path = Images.xcassets; sourceTree = "<group>"; };
		9D1BF83C1906009800E38ABD /* M3U8KitDemoTests.xctest */ = {isa = PBXFileReference; explicitFileType = wrapper.cfbundle; includeInIndex = 0; path = M3U8KitDemoTests.xctest; sourceTree = BUILT_PRODUCTS_DIR; };
		9D1BF83D1906009800E38ABD /* XCTest.framework */ = {isa = PBXFileReference; lastKnownFileType = wrapper.framework; name = XCTest.framework; path = Library/Frameworks/XCTest.framework; sourceTree = DEVELOPER_DIR; };
		9D1BF8451906009800E38ABD /* M3U8KitDemoTests-Info.plist */ = {isa = PBXFileReference; lastKnownFileType = text.plist.xml; path = "M3U8KitDemoTests-Info.plist"; sourceTree = "<group>"; };
		9D1BF8471906009800E38ABD /* en */ = {isa = PBXFileReference; lastKnownFileType = text.plist.strings; name = en; path = en.lproj/InfoPlist.strings; sourceTree = "<group>"; };
		9D1BF8491906009800E38ABD /* M3U8KitDemoTests.m */ = {isa = PBXFileReference; lastKnownFileType = sourcecode.c.objc; path = M3U8KitDemoTests.m; sourceTree = "<group>"; };
		9D1BF8531906010B00E38ABD /* 769.m3u8 */ = {isa = PBXFileReference; fileEncoding = 4; lastKnownFileType = text; path = 769.m3u8; sourceTree = "<group>"; };
/* End PBXFileReference section */

/* Begin PBXFrameworksBuildPhase section */
		9D1BF8151906009800E38ABD /* Frameworks */ = {
			isa = PBXFrameworksBuildPhase;
			buildActionMask = 2147483647;
			files = (
				9D1BF81E1906009800E38ABD /* CoreGraphics.framework in Frameworks */,
				9D1BF8201906009800E38ABD /* UIKit.framework in Frameworks */,
				9D1BF81C1906009800E38ABD /* Foundation.framework in Frameworks */,
			);
			runOnlyForDeploymentPostprocessing = 0;
		};
		9D1BF8391906009800E38ABD /* Frameworks */ = {
			isa = PBXFrameworksBuildPhase;
			buildActionMask = 2147483647;
			files = (
				9D1BF83E1906009800E38ABD /* XCTest.framework in Frameworks */,
				9D1BF8401906009800E38ABD /* UIKit.framework in Frameworks */,
				9D1BF83F1906009800E38ABD /* Foundation.framework in Frameworks */,
			);
			runOnlyForDeploymentPostprocessing = 0;
		};
/* End PBXFrameworksBuildPhase section */

/* Begin PBXGroup section */
		0161350D1EF3BBB1007CD332 /* M3U8Kit */ = {
			isa = PBXGroup;
			children = (
				0161350E1EF3BBB1007CD332 /* InfoPlist.strings */,
				016135101EF3BBB1007CD332 /* M3U8ExtXMedia.h */,
				016135111EF3BBB1007CD332 /* M3U8ExtXMedia.m */,
				016135121EF3BBB1007CD332 /* M3U8ExtXMediaList.h */,
				016135131EF3BBB1007CD332 /* M3U8ExtXMediaList.m */,
				016135141EF3BBB1007CD332 /* M3U8ExtXStreamInf.h */,
				016135151EF3BBB1007CD332 /* M3U8ExtXStreamInf.m */,
				016135161EF3BBB1007CD332 /* M3U8ExtXStreamInfList.h */,
				016135171EF3BBB1007CD332 /* M3U8ExtXStreamInfList.m */,
				016135181EF3BBB1007CD332 /* M3U8Kit-Info.plist */,
				016135191EF3BBB1007CD332 /* M3U8Kit-Prefix.pch */,
				0161351A1EF3BBB1007CD332 /* M3U8Kit.h */,
				0161351B1EF3BBB1007CD332 /* M3U8MasterPlaylist.h */,
				0161351C1EF3BBB1007CD332 /* M3U8MasterPlaylist.m */,
				0161351D1EF3BBB1007CD332 /* M3U8MediaPlaylist.h */,
				0161351E1EF3BBB1007CD332 /* M3U8MediaPlaylist.m */,
				0161351F1EF3BBB1007CD332 /* M3U8PlaylistModel.h */,
				016135201EF3BBB1007CD332 /* M3U8PlaylistModel.m */,
				016135211EF3BBB1007CD332 /* M3U8SegmentInfo.h */,
				016135221EF3BBB1007CD332 /* M3U8SegmentInfo.m */,
				016135231EF3BBB1007CD332 /* M3U8SegmentInfoList.h */,
				016135241EF3BBB1007CD332 /* M3U8SegmentInfoList.m */,
				016135251EF3BBB1007CD332 /* M3U8TagsAndAttributes.h */,
				016135261EF3BBB1007CD332 /* NSString+m3u8.h */,
				016135271EF3BBB1007CD332 /* NSString+m3u8.m */,
			);
			name = M3U8Kit;
			path = ../M3U8Kit;
			sourceTree = "<group>";
		};
		9D1BF80F1906009800E38ABD = {
			isa = PBXGroup;
			children = (
				0161350D1EF3BBB1007CD332 /* M3U8Kit */,
				9D1BF8211906009800E38ABD /* M3U8KitDemo */,
				9D1BF8431906009800E38ABD /* M3U8KitDemoTests */,
				9D1BF81A1906009800E38ABD /* Frameworks */,
				9D1BF8191906009800E38ABD /* Products */,
			);
			sourceTree = "<group>";
		};
		9D1BF8191906009800E38ABD /* Products */ = {
			isa = PBXGroup;
			children = (
				9D1BF8181906009800E38ABD /* M3U8KitDemo.app */,
				9D1BF83C1906009800E38ABD /* M3U8KitDemoTests.xctest */,
			);
			name = Products;
			sourceTree = "<group>";
		};
		9D1BF81A1906009800E38ABD /* Frameworks */ = {
			isa = PBXGroup;
			children = (
				9D1BF81B1906009800E38ABD /* Foundation.framework */,
				9D1BF81D1906009800E38ABD /* CoreGraphics.framework */,
				9D1BF81F1906009800E38ABD /* UIKit.framework */,
				9D1BF83D1906009800E38ABD /* XCTest.framework */,
			);
			name = Frameworks;
			sourceTree = "<group>";
		};
		9D1BF8211906009800E38ABD /* M3U8KitDemo */ = {
			isa = PBXGroup;
			children = (
				9D1BF82A1906009800E38ABD /* ILSAppDelegate.h */,
				9D1BF82B1906009800E38ABD /* ILSAppDelegate.m */,
				9D1BF82D1906009800E38ABD /* Main_iPhone.storyboard */,
				9D1BF8301906009800E38ABD /* Main_iPad.storyboard */,
				9D1BF8331906009800E38ABD /* ILSViewController.h */,
				9D1BF8341906009800E38ABD /* ILSViewController.m */,
				9D1BF8531906010B00E38ABD /* 769.m3u8 */,
				9D1BF8361906009800E38ABD /* Images.xcassets */,
				9D1BF8221906009800E38ABD /* Supporting Files */,
			);
			path = M3U8KitDemo;
			sourceTree = "<group>";
		};
		9D1BF8221906009800E38ABD /* Supporting Files */ = {
			isa = PBXGroup;
			children = (
				9D1BF8231906009800E38ABD /* M3U8KitDemo-Info.plist */,
				9D1BF8241906009800E38ABD /* InfoPlist.strings */,
				9D1BF8271906009800E38ABD /* main.m */,
				9D1BF8291906009800E38ABD /* M3U8KitDemo-Prefix.pch */,
			);
			name = "Supporting Files";
			sourceTree = "<group>";
		};
		9D1BF8431906009800E38ABD /* M3U8KitDemoTests */ = {
			isa = PBXGroup;
			children = (
				9D1BF8491906009800E38ABD /* M3U8KitDemoTests.m */,
				9D1BF8441906009800E38ABD /* Supporting Files */,
			);
			path = M3U8KitDemoTests;
			sourceTree = "<group>";
		};
		9D1BF8441906009800E38ABD /* Supporting Files */ = {
			isa = PBXGroup;
			children = (
				9D1BF8451906009800E38ABD /* M3U8KitDemoTests-Info.plist */,
				9D1BF8461906009800E38ABD /* InfoPlist.strings */,
			);
			name = "Supporting Files";
			sourceTree = "<group>";
		};
/* End PBXGroup section */

/* Begin PBXNativeTarget section */
		9D1BF8171906009800E38ABD /* M3U8KitDemo */ = {
			isa = PBXNativeTarget;
			buildConfigurationList = 9D1BF84D1906009800E38ABD /* Build configuration list for PBXNativeTarget "M3U8KitDemo" */;
			buildPhases = (
				9D1BF8141906009800E38ABD /* Sources */,
				9D1BF8151906009800E38ABD /* Frameworks */,
				9D1BF8161906009800E38ABD /* Resources */,
			);
			buildRules = (
			);
			dependencies = (
			);
			name = M3U8KitDemo;
			productName = M3U8KitDemo;
			productReference = 9D1BF8181906009800E38ABD /* M3U8KitDemo.app */;
			productType = "com.apple.product-type.application";
		};
		9D1BF83B1906009800E38ABD /* M3U8KitDemoTests */ = {
			isa = PBXNativeTarget;
			buildConfigurationList = 9D1BF8501906009800E38ABD /* Build configuration list for PBXNativeTarget "M3U8KitDemoTests" */;
			buildPhases = (
				9D1BF8381906009800E38ABD /* Sources */,
				9D1BF8391906009800E38ABD /* Frameworks */,
				9D1BF83A1906009800E38ABD /* Resources */,
			);
			buildRules = (
			);
			dependencies = (
				9D1BF8421906009800E38ABD /* PBXTargetDependency */,
			);
			name = M3U8KitDemoTests;
			productName = M3U8KitDemoTests;
			productReference = 9D1BF83C1906009800E38ABD /* M3U8KitDemoTests.xctest */;
			productType = "com.apple.product-type.bundle.unit-test";
		};
/* End PBXNativeTarget section */

/* Begin PBXProject section */
		9D1BF8101906009800E38ABD /* Project object */ = {
			isa = PBXProject;
			attributes = {
				CLASSPREFIX = ILS;
				LastUpgradeCheck = 0830;
				ORGANIZATIONNAME = iLegendsoft;
				TargetAttributes = {
					9D1BF83B1906009800E38ABD = {
						TestTargetID = 9D1BF8171906009800E38ABD;
					};
				};
			};
			buildConfigurationList = 9D1BF8131906009800E38ABD /* Build configuration list for PBXProject "M3U8KitDemo" */;
			compatibilityVersion = "Xcode 3.2";
			developmentRegion = English;
			hasScannedForEncodings = 0;
			knownRegions = (
				en,
				Base,
			);
			mainGroup = 9D1BF80F1906009800E38ABD;
			productRefGroup = 9D1BF8191906009800E38ABD /* Products */;
			projectDirPath = "";
			projectRoot = "";
			targets = (
				9D1BF8171906009800E38ABD /* M3U8KitDemo */,
				9D1BF83B1906009800E38ABD /* M3U8KitDemoTests */,
			);
		};
/* End PBXProject section */

/* Begin PBXResourcesBuildPhase section */
		9D1BF8161906009800E38ABD /* Resources */ = {
			isa = PBXResourcesBuildPhase;
			buildActionMask = 2147483647;
			files = (
				9D1BF8321906009800E38ABD /* Main_iPad.storyboard in Resources */,
				016135281EF3BBB1007CD332 /* InfoPlist.strings in Resources */,
				9D1BF8541906010B00E38ABD /* 769.m3u8 in Resources */,
				9D1BF8371906009800E38ABD /* Images.xcassets in Resources */,
				9D1BF82F1906009800E38ABD /* Main_iPhone.storyboard in Resources */,
				9D1BF8261906009800E38ABD /* InfoPlist.strings in Resources */,
				0161352D1EF3BBB1007CD332 /* M3U8Kit-Info.plist in Resources */,
			);
			runOnlyForDeploymentPostprocessing = 0;
		};
		9D1BF83A1906009800E38ABD /* Resources */ = {
			isa = PBXResourcesBuildPhase;
			buildActionMask = 2147483647;
			files = (
				9D1BF8481906009800E38ABD /* InfoPlist.strings in Resources */,
			);
			runOnlyForDeploymentPostprocessing = 0;
		};
/* End PBXResourcesBuildPhase section */

/* Begin PBXSourcesBuildPhase section */
		9D1BF8141906009800E38ABD /* Sources */ = {
			isa = PBXSourcesBuildPhase;
			buildActionMask = 2147483647;
			files = (
				016135331EF3BBB1007CD332 /* NSString+m3u8.m in Sources */,
				016135321EF3BBB1007CD332 /* M3U8SegmentInfoList.m in Sources */,
				016135301EF3BBB1007CD332 /* M3U8PlaylistModel.m in Sources */,
				016135291EF3BBB1007CD332 /* M3U8ExtXMedia.m in Sources */,
				9D1BF8281906009800E38ABD /* main.m in Sources */,
				016135311EF3BBB1007CD332 /* M3U8SegmentInfo.m in Sources */,
				0161352E1EF3BBB1007CD332 /* M3U8MasterPlaylist.m in Sources */,
				0161352F1EF3BBB1007CD332 /* M3U8MediaPlaylist.m in Sources */,
				0161352C1EF3BBB1007CD332 /* M3U8ExtXStreamInfList.m in Sources */,
				0161352A1EF3BBB1007CD332 /* M3U8ExtXMediaList.m in Sources */,
				0161352B1EF3BBB1007CD332 /* M3U8ExtXStreamInf.m in Sources */,
				9D1BF82C1906009800E38ABD /* ILSAppDelegate.m in Sources */,
				9D1BF8351906009800E38ABD /* ILSViewController.m in Sources */,
			);
			runOnlyForDeploymentPostprocessing = 0;
		};
		9D1BF8381906009800E38ABD /* Sources */ = {
			isa = PBXSourcesBuildPhase;
			buildActionMask = 2147483647;
			files = (
				9D1BF84A1906009800E38ABD /* M3U8KitDemoTests.m in Sources */,
			);
			runOnlyForDeploymentPostprocessing = 0;
		};
/* End PBXSourcesBuildPhase section */

/* Begin PBXTargetDependency section */
		9D1BF8421906009800E38ABD /* PBXTargetDependency */ = {
			isa = PBXTargetDependency;
			target = 9D1BF8171906009800E38ABD /* M3U8KitDemo */;
			targetProxy = 9D1BF8411906009800E38ABD /* PBXContainerItemProxy */;
		};
/* End PBXTargetDependency section */

/* Begin PBXVariantGroup section */
		0161350E1EF3BBB1007CD332 /* InfoPlist.strings */ = {
			isa = PBXVariantGroup;
			children = (
				0161350F1EF3BBB1007CD332 /* en */,
			);
			name = InfoPlist.strings;
			sourceTree = "<group>";
		};
		9D1BF8241906009800E38ABD /* InfoPlist.strings */ = {
			isa = PBXVariantGroup;
			children = (
				9D1BF8251906009800E38ABD /* en */,
			);
			name = InfoPlist.strings;
			sourceTree = "<group>";
		};
		9D1BF82D1906009800E38ABD /* Main_iPhone.storyboard */ = {
			isa = PBXVariantGroup;
			children = (
				9D1BF82E1906009800E38ABD /* Base */,
			);
			name = Main_iPhone.storyboard;
			sourceTree = "<group>";
		};
		9D1BF8301906009800E38ABD /* Main_iPad.storyboard */ = {
			isa = PBXVariantGroup;
			children = (
				9D1BF8311906009800E38ABD /* Base */,
			);
			name = Main_iPad.storyboard;
			sourceTree = "<group>";
		};
		9D1BF8461906009800E38ABD /* InfoPlist.strings */ = {
			isa = PBXVariantGroup;
			children = (
				9D1BF8471906009800E38ABD /* en */,
			);
			name = InfoPlist.strings;
			sourceTree = "<group>";
		};
/* End PBXVariantGroup section */

/* Begin XCBuildConfiguration section */
		9D1BF84B1906009800E38ABD /* Debug */ = {
			isa = XCBuildConfiguration;
			buildSettings = {
				ALWAYS_SEARCH_USER_PATHS = NO;
				CLANG_CXX_LANGUAGE_STANDARD = "gnu++0x";
				CLANG_CXX_LIBRARY = "libc++";
				CLANG_ENABLE_MODULES = YES;
				CLANG_ENABLE_OBJC_ARC = YES;
				CLANG_WARN_BOOL_CONVERSION = YES;
				CLANG_WARN_CONSTANT_CONVERSION = YES;
				CLANG_WARN_DIRECT_OBJC_ISA_USAGE = YES_ERROR;
				CLANG_WARN_EMPTY_BODY = YES;
				CLANG_WARN_ENUM_CONVERSION = YES;
				CLANG_WARN_INFINITE_RECURSION = YES;
				CLANG_WARN_INT_CONVERSION = YES;
				CLANG_WARN_OBJC_ROOT_CLASS = YES_ERROR;
				CLANG_WARN_SUSPICIOUS_MOVE = YES;
				CLANG_WARN_UNREACHABLE_CODE = YES;
				CLANG_WARN__DUPLICATE_METHOD_MATCH = YES;
				"CODE_SIGN_IDENTITY[sdk=iphoneos*]" = "iPhone Developer";
				COPY_PHASE_STRIP = NO;
				ENABLE_STRICT_OBJC_MSGSEND = YES;
				ENABLE_TESTABILITY = YES;
				GCC_C_LANGUAGE_STANDARD = gnu99;
				GCC_DYNAMIC_NO_PIC = NO;
				GCC_NO_COMMON_BLOCKS = YES;
				GCC_OPTIMIZATION_LEVEL = 0;
				GCC_PREPROCESSOR_DEFINITIONS = (
					"DEBUG=1",
					"$(inherited)",
				);
				GCC_SYMBOLS_PRIVATE_EXTERN = NO;
				GCC_WARN_64_TO_32_BIT_CONVERSION = YES;
				GCC_WARN_ABOUT_RETURN_TYPE = YES_ERROR;
				GCC_WARN_UNDECLARED_SELECTOR = YES;
				GCC_WARN_UNINITIALIZED_AUTOS = YES_AGGRESSIVE;
				GCC_WARN_UNUSED_FUNCTION = YES;
				GCC_WARN_UNUSED_VARIABLE = YES;
				IPHONEOS_DEPLOYMENT_TARGET = 8.0;
				ONLY_ACTIVE_ARCH = YES;
				SDKROOT = iphoneos;
				TARGETED_DEVICE_FAMILY = "1,2";
			};
			name = Debug;
		};
		9D1BF84C1906009800E38ABD /* Release */ = {
			isa = XCBuildConfiguration;
			buildSettings = {
				ALWAYS_SEARCH_USER_PATHS = NO;
				CLANG_CXX_LANGUAGE_STANDARD = "gnu++0x";
				CLANG_CXX_LIBRARY = "libc++";
				CLANG_ENABLE_MODULES = YES;
				CLANG_ENABLE_OBJC_ARC = YES;
				CLANG_WARN_BOOL_CONVERSION = YES;
				CLANG_WARN_CONSTANT_CONVERSION = YES;
				CLANG_WARN_DIRECT_OBJC_ISA_USAGE = YES_ERROR;
				CLANG_WARN_EMPTY_BODY = YES;
				CLANG_WARN_ENUM_CONVERSION = YES;
				CLANG_WARN_INFINITE_RECURSION = YES;
				CLANG_WARN_INT_CONVERSION = YES;
				CLANG_WARN_OBJC_ROOT_CLASS = YES_ERROR;
				CLANG_WARN_SUSPICIOUS_MOVE = YES;
				CLANG_WARN_UNREACHABLE_CODE = YES;
				CLANG_WARN__DUPLICATE_METHOD_MATCH = YES;
				"CODE_SIGN_IDENTITY[sdk=iphoneos*]" = "iPhone Developer";
				COPY_PHASE_STRIP = YES;
				ENABLE_NS_ASSERTIONS = NO;
				ENABLE_STRICT_OBJC_MSGSEND = YES;
				GCC_C_LANGUAGE_STANDARD = gnu99;
				GCC_NO_COMMON_BLOCKS = YES;
				GCC_WARN_64_TO_32_BIT_CONVERSION = YES;
				GCC_WARN_ABOUT_RETURN_TYPE = YES_ERROR;
				GCC_WARN_UNDECLARED_SELECTOR = YES;
				GCC_WARN_UNINITIALIZED_AUTOS = YES_AGGRESSIVE;
				GCC_WARN_UNUSED_FUNCTION = YES;
				GCC_WARN_UNUSED_VARIABLE = YES;
				IPHONEOS_DEPLOYMENT_TARGET = 8.0;
				SDKROOT = iphoneos;
				TARGETED_DEVICE_FAMILY = "1,2";
				VALIDATE_PRODUCT = YES;
			};
			name = Release;
		};
		9D1BF84E1906009800E38ABD /* Debug */ = {
			isa = XCBuildConfiguration;
			buildSettings = {
				ASSETCATALOG_COMPILER_APPICON_NAME = AppIcon;
				ASSETCATALOG_COMPILER_LAUNCHIMAGE_NAME = LaunchImage;
				GCC_PRECOMPILE_PREFIX_HEADER = YES;
				GCC_PREFIX_HEADER = "M3U8KitDemo/M3U8KitDemo-Prefix.pch";
				INFOPLIST_FILE = "M3U8KitDemo/M3U8KitDemo-Info.plist";
				OTHER_LDFLAGS = "-ObjC";
				PRODUCT_BUNDLE_IDENTIFIER = "com.ilegendsoft.${PRODUCT_NAME:rfc1034identifier}";
				PRODUCT_NAME = "$(TARGET_NAME)";
				WRAPPER_EXTENSION = app;
			};
			name = Debug;
		};
		9D1BF84F1906009800E38ABD /* Release */ = {
			isa = XCBuildConfiguration;
			buildSettings = {
				ASSETCATALOG_COMPILER_APPICON_NAME = AppIcon;
				ASSETCATALOG_COMPILER_LAUNCHIMAGE_NAME = LaunchImage;
				GCC_PRECOMPILE_PREFIX_HEADER = YES;
				GCC_PREFIX_HEADER = "M3U8KitDemo/M3U8KitDemo-Prefix.pch";
				INFOPLIST_FILE = "M3U8KitDemo/M3U8KitDemo-Info.plist";
				OTHER_LDFLAGS = "-ObjC";
				PRODUCT_BUNDLE_IDENTIFIER = "com.ilegendsoft.${PRODUCT_NAME:rfc1034identifier}";
				PRODUCT_NAME = "$(TARGET_NAME)";
				WRAPPER_EXTENSION = app;
			};
			name = Release;
		};
		9D1BF8511906009800E38ABD /* Debug */ = {
			isa = XCBuildConfiguration;
			buildSettings = {
				BUNDLE_LOADER = "$(BUILT_PRODUCTS_DIR)/M3U8KitDemo.app/M3U8KitDemo";
				FRAMEWORK_SEARCH_PATHS = (
					"$(SDKROOT)/Developer/Library/Frameworks",
					"$(inherited)",
					"$(DEVELOPER_FRAMEWORKS_DIR)",
				);
				GCC_PRECOMPILE_PREFIX_HEADER = YES;
				GCC_PREFIX_HEADER = "M3U8KitDemo/M3U8KitDemo-Prefix.pch";
				GCC_PREPROCESSOR_DEFINITIONS = (
					"DEBUG=1",
					"$(inherited)",
				);
				INFOPLIST_FILE = "M3U8KitDemoTests/M3U8KitDemoTests-Info.plist";
				PRODUCT_BUNDLE_IDENTIFIER = "com.ilegendsoft.${PRODUCT_NAME:rfc1034identifier}";
				PRODUCT_NAME = "$(TARGET_NAME)";
				TEST_HOST = "$(BUNDLE_LOADER)";
				WRAPPER_EXTENSION = xctest;
			};
			name = Debug;
		};
		9D1BF8521906009800E38ABD /* Release */ = {
			isa = XCBuildConfiguration;
			buildSettings = {
				BUNDLE_LOADER = "$(BUILT_PRODUCTS_DIR)/M3U8KitDemo.app/M3U8KitDemo";
				FRAMEWORK_SEARCH_PATHS = (
					"$(SDKROOT)/Developer/Library/Frameworks",
					"$(inherited)",
					"$(DEVELOPER_FRAMEWORKS_DIR)",
				);
				GCC_PRECOMPILE_PREFIX_HEADER = YES;
				GCC_PREFIX_HEADER = "M3U8KitDemo/M3U8KitDemo-Prefix.pch";
				INFOPLIST_FILE = "M3U8KitDemoTests/M3U8KitDemoTests-Info.plist";
				PRODUCT_BUNDLE_IDENTIFIER = "com.ilegendsoft.${PRODUCT_NAME:rfc1034identifier}";
				PRODUCT_NAME = "$(TARGET_NAME)";
				TEST_HOST = "$(BUNDLE_LOADER)";
				WRAPPER_EXTENSION = xctest;
			};
			name = Release;
		};
/* End XCBuildConfiguration section */

/* Begin XCConfigurationList section */
		9D1BF8131906009800E38ABD /* Build configuration list for PBXProject "M3U8KitDemo" */ = {
			isa = XCConfigurationList;
			buildConfigurations = (
				9D1BF84B1906009800E38ABD /* Debug */,
				9D1BF84C1906009800E38ABD /* Release */,
			);
			defaultConfigurationIsVisible = 0;
			defaultConfigurationName = Release;
		};
		9D1BF84D1906009800E38ABD /* Build configuration list for PBXNativeTarget "M3U8KitDemo" */ = {
			isa = XCConfigurationList;
			buildConfigurations = (
				9D1BF84E1906009800E38ABD /* Debug */,
				9D1BF84F1906009800E38ABD /* Release */,
			);
			defaultConfigurationIsVisible = 0;
			defaultConfigurationName = Release;
		};
		9D1BF8501906009800E38ABD /* Build configuration list for PBXNativeTarget "M3U8KitDemoTests" */ = {
			isa = XCConfigurationList;
			buildConfigurations = (
				9D1BF8511906009800E38ABD /* Debug */,
				9D1BF8521906009800E38ABD /* Release */,
			);
			defaultConfigurationIsVisible = 0;
			defaultConfigurationName = Release;
		};
/* End XCConfigurationList section */
	};
	rootObject = 9D1BF8101906009800E38ABD /* Project object */;
}
